// !$*UTF8*$!
{
	archiveVersion = 1;
	classes = {
	};
	objectVersion = 77;
	objects = {

/* Begin PBXContainerItemProxy section */
		B27B99A62D2BCD1900EA455A /* PBXContainerItemProxy */ = {
			isa = PBXContainerItemProxy;
			containerPortal = B27B998D2D2BCD1700EA455A /* Project object */;
			proxyType = 1;
			remoteGlobalIDString = B27B99942D2BCD1700EA455A;
			remoteInfo = FakeStore1;
		};
		B27B99B02D2BCD1900EA455A /* PBXContainerItemProxy */ = {
			isa = PBXContainerItemProxy;
			containerPortal = B27B998D2D2BCD1700EA455A /* Project object */;
			proxyType = 1;
			remoteGlobalIDString = B27B99942D2BCD1700EA455A;
			remoteInfo = FakeStore1;
		};
/* End PBXContainerItemProxy section */

/* Begin PBXFileReference section */
		B27B99952D2BCD1700EA455A /* FakeStore1.app */ = {isa = PBXFileReference; explicitFileType = wrapper.application; includeInIndex = 0; path = FakeStore1.app; sourceTree = BUILT_PRODUCTS_DIR; };
		B27B99A52D2BCD1900EA455A /* FakeStore1Tests.xctest */ = {isa = PBXFileReference; explicitFileType = wrapper.cfbundle; includeInIndex = 0; path = FakeStore1Tests.xctest; sourceTree = BUILT_PRODUCTS_DIR; };
		B27B99AF2D2BCD1900EA455A /* FakeStore1UITests.xctest */ = {isa = PBXFileReference; explicitFileType = wrapper.cfbundle; includeInIndex = 0; path = FakeStore1UITests.xctest; sourceTree = BUILT_PRODUCTS_DIR; };
/* End PBXFileReference section */

/* Begin PBXFileSystemSynchronizedRootGroup section */
		B27B99972D2BCD1700EA455A /* FakeStore1 */ = {
			isa = PBXFileSystemSynchronizedRootGroup;
			path = FakeStore1;
			sourceTree = "<group>";
		};
		B27B99A82D2BCD1900EA455A /* FakeStore1Tests */ = {
			isa = PBXFileSystemSynchronizedRootGroup;
			path = FakeStore1Tests;
			sourceTree = "<group>";
		};
		B27B99B22D2BCD1900EA455A /* FakeStore1UITests */ = {
			isa = PBXFileSystemSynchronizedRootGroup;
			path = FakeStore1UITests;
			sourceTree = "<group>";
		};
/* End PBXFileSystemSynchronizedRootGroup section */

/* Begin PBXFrameworksBuildPhase section */
		B27B99922D2BCD1700EA455A /* Frameworks */ = {
			isa = PBXFrameworksBuildPhase;
			buildActionMask = 2147483647;
			files = (
			);
			runOnlyForDeploymentPostprocessing = 0;
		};
		B27B99A22D2BCD1900EA455A /* Frameworks */ = {
			isa = PBXFrameworksBuildPhase;
			buildActionMask = 2147483647;
			files = (
			);
			runOnlyForDeploymentPostprocessing = 0;
		};
		B27B99AC2D2BCD1900EA455A /* Frameworks */ = {
			isa = PBXFrameworksBuildPhase;
			buildActionMask = 2147483647;
			files = (
			);
			runOnlyForDeploymentPostprocessing = 0;
		};
/* End PBXFrameworksBuildPhase section */

/* Begin PBXGroup section */
		B27B998C2D2BCD1700EA455A = {
			isa = PBXGroup;
			children = (
				B27B99972D2BCD1700EA455A /* FakeStore1 */,
				B27B99A82D2BCD1900EA455A /* FakeStore1Tests */,
				B27B99B22D2BCD1900EA455A /* FakeStore1UITests */,
				B27B99962D2BCD1700EA455A /* Products */,
			);
			sourceTree = "<group>";
		};
		B27B99962D2BCD1700EA455A /* Products */ = {
			isa = PBXGroup;
			children = (
				B27B99952D2BCD1700EA455A /* FakeStore1.app */,
				B27B99A52D2BCD1900EA455A /* FakeStore1Tests.xctest */,
				B27B99AF2D2BCD1900EA455A /* FakeStore1UITests.xctest */,
			);
			name = Products;
			sourceTree = "<group>";
		};
/* End PBXGroup section */

/* Begin PBXNativeTarget section */
		B27B99942D2BCD1700EA455A /* FakeStore1 */ = {
			isa = PBXNativeTarget;
			buildConfigurationList = B27B99B92D2BCD1900EA455A /* Build configuration list for PBXNativeTarget "FakeStore1" */;
			buildPhases = (
				B27B99912D2BCD1700EA455A /* Sources */,
				B27B99922D2BCD1700EA455A /* Frameworks */,
				B27B99932D2BCD1700EA455A /* Resources */,
			);
			buildRules = (
			);
			dependencies = (
			);
			fileSystemSynchronizedGroups = (
				B27B99972D2BCD1700EA455A /* FakeStore1 */,
			);
			name = FakeStore1;
			packageProductDependencies = (
			);
			productName = FakeStore1;
			productReference = B27B99952D2BCD1700EA455A /* FakeStore1.app */;
			productType = "com.apple.product-type.application";
		};
		B27B99A42D2BCD1900EA455A /* FakeStore1Tests */ = {
			isa = PBXNativeTarget;
			buildConfigurationList = B27B99BC2D2BCD1900EA455A /* Build configuration list for PBXNativeTarget "FakeStore1Tests" */;
			buildPhases = (
				B27B99A12D2BCD1900EA455A /* Sources */,
				B27B99A22D2BCD1900EA455A /* Frameworks */,
				B27B99A32D2BCD1900EA455A /* Resources */,
			);
			buildRules = (
			);
			dependencies = (
				B27B99A72D2BCD1900EA455A /* PBXTargetDependency */,
			);
			fileSystemSynchronizedGroups = (
				B27B99A82D2BCD1900EA455A /* FakeStore1Tests */,
			);
			name = FakeStore1Tests;
			packageProductDependencies = (
			);
			productName = FakeStore1Tests;
			productReference = B27B99A52D2BCD1900EA455A /* FakeStore1Tests.xctest */;
			productType = "com.apple.product-type.bundle.unit-test";
		};
		B27B99AE2D2BCD1900EA455A /* FakeStore1UITests */ = {
			isa = PBXNativeTarget;
			buildConfigurationList = B27B99BF2D2BCD1900EA455A /* Build configuration list for PBXNativeTarget "FakeStore1UITests" */;
			buildPhases = (
				B27B99AB2D2BCD1900EA455A /* Sources */,
				B27B99AC2D2BCD1900EA455A /* Frameworks */,
				B27B99AD2D2BCD1900EA455A /* Resources */,
			);
			buildRules = (
			);
			dependencies = (
				B27B99B12D2BCD1900EA455A /* PBXTargetDependency */,
			);
			fileSystemSynchronizedGroups = (
				B27B99B22D2BCD1900EA455A /* FakeStore1UITests */,
			);
			name = FakeStore1UITests;
			packageProductDependencies = (
			);
			productName = FakeStore1UITests;
			productReference = B27B99AF2D2BCD1900EA455A /* FakeStore1UITests.xctest */;
			productType = "com.apple.product-type.bundle.ui-testing";
		};
/* End PBXNativeTarget section */

/* Begin PBXProject section */
		B27B998D2D2BCD1700EA455A /* Project object */ = {
			isa = PBXProject;
			attributes = {
				BuildIndependentTargetsInParallel = 1;
				LastSwiftUpdateCheck = 1600;
				LastUpgradeCheck = 1600;
				TargetAttributes = {
					B27B99942D2BCD1700EA455A = {
						CreatedOnToolsVersion = 16.0;
					};
					B27B99A42D2BCD1900EA455A = {
						CreatedOnToolsVersion = 16.0;
						TestTargetID = B27B99942D2BCD1700EA455A;
					};
					B27B99AE2D2BCD1900EA455A = {
						CreatedOnToolsVersion = 16.0;
						TestTargetID = B27B99942D2BCD1700EA455A;
					};
				};
			};
			buildConfigurationList = B27B99902D2BCD1700EA455A /* Build configuration list for PBXProject "FakeStore1" */;
			developmentRegion = en;
			hasScannedForEncodings = 0;
			knownRegions = (
				en,
				Base,
			);
			mainGroup = B27B998C2D2BCD1700EA455A;
			minimizedProjectReferenceProxies = 1;
			preferredProjectObjectVersion = 77;
			productRefGroup = B27B99962D2BCD1700EA455A /* Products */;
			projectDirPath = "";
			projectRoot = "";
			targets = (
				B27B99942D2BCD1700EA455A /* FakeStore1 */,
				B27B99A42D2BCD1900EA455A /* FakeStore1Tests */,
				B27B99AE2D2BCD1900EA455A /* FakeStore1UITests */,
			);
		};
/* End PBXProject section */

/* Begin PBXResourcesBuildPhase section */
		B27B99932D2BCD1700EA455A /* Resources */ = {
			isa = PBXResourcesBuildPhase;
			buildActionMask = 2147483647;
			files = (
			);
			runOnlyForDeploymentPostprocessing = 0;
		};
		B27B99A32D2BCD1900EA455A /* Resources */ = {
			isa = PBXResourcesBuildPhase;
			buildActionMask = 2147483647;
			files = (
			);
			runOnlyForDeploymentPostprocessing = 0;
		};
		B27B99AD2D2BCD1900EA455A /* Resources */ = {
			isa = PBXResourcesBuildPhase;
			buildActionMask = 2147483647;
			files = (
			);
			runOnlyForDeploymentPostprocessing = 0;
		};
/* End PBXResourcesBuildPhase section */

/* Begin PBXSourcesBuildPhase section */
		B27B99912D2BCD1700EA455A /* Sources */ = {
			isa = PBXSourcesBuildPhase;
			buildActionMask = 2147483647;
			files = (
			);
			runOnlyForDeploymentPostprocessing = 0;
		};
		B27B99A12D2BCD1900EA455A /* Sources */ = {
			isa = PBXSourcesBuildPhase;
			buildActionMask = 2147483647;
			files = (
			);
			runOnlyForDeploymentPostprocessing = 0;
		};
		B27B99AB2D2BCD1900EA455A /* Sources */ = {
			isa = PBXSourcesBuildPhase;
			buildActionMask = 2147483647;
			files = (
			);
			runOnlyForDeploymentPostprocessing = 0;
		};
/* End PBXSourcesBuildPhase section */

/* Begin PBXTargetDependency section */
		B27B99A72D2BCD1900EA455A /* PBXTargetDependency */ = {
			isa = PBXTargetDependency;
			target = B27B99942D2BCD1700EA455A /* FakeStore1 */;
			targetProxy = B27B99A62D2BCD1900EA455A /* PBXContainerItemProxy */;
		};
		B27B99B12D2BCD1900EA455A /* PBXTargetDependency */ = {
			isa = PBXTargetDependency;
			target = B27B99942D2BCD1700EA455A /* FakeStore1 */;
			targetProxy = B27B99B02D2BCD1900EA455A /* PBXContainerItemProxy */;
		};
/* End PBXTargetDependency section */

/* Begin XCBuildConfiguration section */
		B27B99B72D2BCD1900EA455A /* Debug */ = {
			isa = XCBuildConfiguration;
			buildSettings = {
				ALWAYS_SEARCH_USER_PATHS = NO;
				ASSETCATALOG_COMPILER_GENERATE_SWIFT_ASSET_SYMBOL_EXTENSIONS = YES;
				CLANG_ANALYZER_NONNULL = YES;
				CLANG_ANALYZER_NUMBER_OBJECT_CONVERSION = YES_AGGRESSIVE;
				CLANG_CXX_LANGUAGE_STANDARD = "gnu++20";
				CLANG_ENABLE_MODULES = YES;
				CLANG_ENABLE_OBJC_ARC = YES;
				CLANG_ENABLE_OBJC_WEAK = YES;
				CLANG_WARN_BLOCK_CAPTURE_AUTORELEASING = YES;
				CLANG_WARN_BOOL_CONVERSION = YES;
				CLANG_WARN_COMMA = YES;
				CLANG_WARN_CONSTANT_CONVERSION = YES;
				CLANG_WARN_DEPRECATED_OBJC_IMPLEMENTATIONS = YES;
				CLANG_WARN_DIRECT_OBJC_ISA_USAGE = YES_ERROR;
				CLANG_WARN_DOCUMENTATION_COMMENTS = YES;
				CLANG_WARN_EMPTY_BODY = YES;
				CLANG_WARN_ENUM_CONVERSION = YES;
				CLANG_WARN_INFINITE_RECURSION = YES;
				CLANG_WARN_INT_CONVERSION = YES;
				CLANG_WARN_NON_LITERAL_NULL_CONVERSION = YES;
				CLANG_WARN_OBJC_IMPLICIT_RETAIN_SELF = YES;
				CLANG_WARN_OBJC_LITERAL_CONVERSION = YES;
				CLANG_WARN_OBJC_ROOT_CLASS = YES_ERROR;
				CLANG_WARN_QUOTED_INCLUDE_IN_FRAMEWORK_HEADER = YES;
				CLANG_WARN_RANGE_LOOP_ANALYSIS = YES;
				CLANG_WARN_STRICT_PROTOTYPES = YES;
				CLANG_WARN_SUSPICIOUS_MOVE = YES;
				CLANG_WARN_UNGUARDED_AVAILABILITY = YES_AGGRESSIVE;
				CLANG_WARN_UNREACHABLE_CODE = YES;
				CLANG_WARN__DUPLICATE_METHOD_MATCH = YES;
				COPY_PHASE_STRIP = NO;
				DEBUG_INFORMATION_FORMAT = dwarf;
				ENABLE_STRICT_OBJC_MSGSEND = YES;
				ENABLE_TESTABILITY = YES;
				ENABLE_USER_SCRIPT_SANDBOXING = YES;
				GCC_C_LANGUAGE_STANDARD = gnu17;
				GCC_DYNAMIC_NO_PIC = NO;
				GCC_NO_COMMON_BLOCKS = YES;
				GCC_OPTIMIZATION_LEVEL = 0;
				GCC_PREPROCESSOR_DEFINITIONS = (
					"DEBUG=1",
					"$(inherited)",
				);
				GCC_WARN_64_TO_32_BIT_CONVERSION = YES;
				GCC_WARN_ABOUT_RETURN_TYPE = YES_ERROR;
				GCC_WARN_UNDECLARED_SELECTOR = YES;
				GCC_WARN_UNINITIALIZED_AUTOS = YES_AGGRESSIVE;
				GCC_WARN_UNUSED_FUNCTION = YES;
				GCC_WARN_UNUSED_VARIABLE = YES;
				IPHONEOS_DEPLOYMENT_TARGET = 18.0;
				LOCALIZATION_PREFERS_STRING_CATALOGS = YES;
				MTL_ENABLE_DEBUG_INFO = INCLUDE_SOURCE;
				MTL_FAST_MATH = YES;
				ONLY_ACTIVE_ARCH = YES;
				SDKROOT = iphoneos;
				SWIFT_ACTIVE_COMPILATION_CONDITIONS = "DEBUG $(inherited)";
				SWIFT_OPTIMIZATION_LEVEL = "-Onone";
			};
			name = Debug;
		};
		B27B99B82D2BCD1900EA455A /* Release */ = {
			isa = XCBuildConfiguration;
			buildSettings = {
				ALWAYS_SEARCH_USER_PATHS = NO;
				ASSETCATALOG_COMPILER_GENERATE_SWIFT_ASSET_SYMBOL_EXTENSIONS = YES;
				CLANG_ANALYZER_NONNULL = YES;
				CLANG_ANALYZER_NUMBER_OBJECT_CONVERSION = YES_AGGRESSIVE;
				CLANG_CXX_LANGUAGE_STANDARD = "gnu++20";
				CLANG_ENABLE_MODULES = YES;
				CLANG_ENABLE_OBJC_ARC = YES;
				CLANG_ENABLE_OBJC_WEAK = YES;
				CLANG_WARN_BLOCK_CAPTURE_AUTORELEASING = YES;
				CLANG_WARN_BOOL_CONVERSION = YES;
				CLANG_WARN_COMMA = YES;
				CLANG_WARN_CONSTANT_CONVERSION = YES;
				CLANG_WARN_DEPRECATED_OBJC_IMPLEMENTATIONS = YES;
				CLANG_WARN_DIRECT_OBJC_ISA_USAGE = YES_ERROR;
				CLANG_WARN_DOCUMENTATION_COMMENTS = YES;
				CLANG_WARN_EMPTY_BODY = YES;
				CLANG_WARN_ENUM_CONVERSION = YES;
				CLANG_WARN_INFINITE_RECURSION = YES;
				CLANG_WARN_INT_CONVERSION = YES;
				CLANG_WARN_NON_LITERAL_NULL_CONVERSION = YES;
				CLANG_WARN_OBJC_IMPLICIT_RETAIN_SELF = YES;
				CLANG_WARN_OBJC_LITERAL_CONVERSION = YES;
				CLANG_WARN_OBJC_ROOT_CLASS = YES_ERROR;
				CLANG_WARN_QUOTED_INCLUDE_IN_FRAMEWORK_HEADER = YES;
				CLANG_WARN_RANGE_LOOP_ANALYSIS = YES;
				CLANG_WARN_STRICT_PROTOTYPES = YES;
				CLANG_WARN_SUSPICIOUS_MOVE = YES;
				CLANG_WARN_UNGUARDED_AVAILABILITY = YES_AGGRESSIVE;
				CLANG_WARN_UNREACHABLE_CODE = YES;
				CLANG_WARN__DUPLICATE_METHOD_MATCH = YES;
				COPY_PHASE_STRIP = NO;
				DEBUG_INFORMATION_FORMAT = "dwarf-with-dsym";
				ENABLE_NS_ASSERTIONS = NO;
				ENABLE_STRICT_OBJC_MSGSEND = YES;
				ENABLE_USER_SCRIPT_SANDBOXING = YES;
				GCC_C_LANGUAGE_STANDARD = gnu17;
				GCC_NO_COMMON_BLOCKS = YES;
				GCC_WARN_64_TO_32_BIT_CONVERSION = YES;
				GCC_WARN_ABOUT_RETURN_TYPE = YES_ERROR;
				GCC_WARN_UNDECLARED_SELECTOR = YES;
				GCC_WARN_UNINITIALIZED_AUTOS = YES_AGGRESSIVE;
				GCC_WARN_UNUSED_FUNCTION = YES;
				GCC_WARN_UNUSED_VARIABLE = YES;
				IPHONEOS_DEPLOYMENT_TARGET = 18.0;
				LOCALIZATION_PREFERS_STRING_CATALOGS = YES;
				MTL_ENABLE_DEBUG_INFO = NO;
				MTL_FAST_MATH = YES;
				SDKROOT = iphoneos;
				SWIFT_COMPILATION_MODE = wholemodule;
				VALIDATE_PRODUCT = YES;
			};
			name = Release;
		};
		B27B99BA2D2BCD1900EA455A /* Debug */ = {
			isa = XCBuildConfiguration;
			buildSettings = {
				ASSETCATALOG_COMPILER_APPICON_NAME = AppIcon;
				ASSETCATALOG_COMPILER_GLOBAL_ACCENT_COLOR_NAME = AccentColor;
				CODE_SIGN_STYLE = Automatic;
				CURRENT_PROJECT_VERSION = 1;
				DEVELOPMENT_ASSET_PATHS = "\"FakeStore1/Preview Content\"";
				DEVELOPMENT_TEAM = A5HC2D4NZ4;
				ENABLE_PREVIEWS = YES;
				GENERATE_INFOPLIST_FILE = YES;
				INFOPLIST_KEY_UIApplicationSceneManifest_Generation = YES;
				INFOPLIST_KEY_UIApplicationSupportsIndirectInputEvents = YES;
				INFOPLIST_KEY_UILaunchScreen_Generation = YES;
				INFOPLIST_KEY_UISupportedInterfaceOrientations_iPad = "UIInterfaceOrientationPortrait UIInterfaceOrientationPortraitUpsideDown UIInterfaceOrientationLandscapeLeft UIInterfaceOrientationLandscapeRight";
				INFOPLIST_KEY_UISupportedInterfaceOrientations_iPhone = "UIInterfaceOrientationPortrait UIInterfaceOrientationLandscapeLeft UIInterfaceOrientationLandscapeRight";
				LD_RUNPATH_SEARCH_PATHS = (
					"$(inherited)",
					"@executable_path/Frameworks",
				);
				MARKETING_VERSION = 1.0;
				PRODUCT_BUNDLE_IDENTIFIER = com.akshay.link.FakeStore1;
				PRODUCT_NAME = "$(TARGET_NAME)";
				SWIFT_EMIT_LOC_STRINGS = YES;
				SWIFT_VERSION = 5.0;
				TARGETED_DEVICE_FAMILY = "1,2";
			};
			name = Debug;
		};
		B27B99BB2D2BCD1900EA455A /* Release */ = {
			isa = XCBuildConfiguration;
			buildSettings = {
				ASSETCATALOG_COMPILER_APPICON_NAME = AppIcon;
				ASSETCATALOG_COMPILER_GLOBAL_ACCENT_COLOR_NAME = AccentColor;
				CODE_SIGN_STYLE = Automatic;
				CURRENT_PROJECT_VERSION = 1;
				DEVELOPMENT_ASSET_PATHS = "\"FakeStore1/Preview Content\"";
				DEVELOPMENT_TEAM = A5HC2D4NZ4;
				ENABLE_PREVIEWS = YES;
				GENERATE_INFOPLIST_FILE = YES;
				INFOPLIST_KEY_UIApplicationSceneManifest_Generation = YES;
				INFOPLIST_KEY_UIApplicationSupportsIndirectInputEvents = YES;
				INFOPLIST_KEY_UILaunchScreen_Generation = YES;
				INFOPLIST_KEY_UISupportedInterfaceOrientations_iPad = "UIInterfaceOrientationPortrait UIInterfaceOrientationPortraitUpsideDown UIInterfaceOrientationLandscapeLeft UIInterfaceOrientationLandscapeRight";
				INFOPLIST_KEY_UISupportedInterfaceOrientations_iPhone = "UIInterfaceOrientationPortrait UIInterfaceOrientationLandscapeLeft UIInterfaceOrientationLandscapeRight";
				LD_RUNPATH_SEARCH_PATHS = (
					"$(inherited)",
					"@executable_path/Frameworks",
				);
				MARKETING_VERSION = 1.0;
				PRODUCT_BUNDLE_IDENTIFIER = com.akshay.link.FakeStore1;
				PRODUCT_NAME = "$(TARGET_NAME)";
				SWIFT_EMIT_LOC_STRINGS = YES;
				SWIFT_VERSION = 5.0;
				TARGETED_DEVICE_FAMILY = "1,2";
			};
			name = Release;
		};
		B27B99BD2D2BCD1900EA455A /* Debug */ = {
			isa = XCBuildConfiguration;
			buildSettings = {
				BUNDLE_LOADER = "$(TEST_HOST)";
				CODE_SIGN_STYLE = Automatic;
				CURRENT_PROJECT_VERSION = 1;
				DEVELOPMENT_TEAM = A5HC2D4NZ4;
				GENERATE_INFOPLIST_FILE = YES;
				IPHONEOS_DEPLOYMENT_TARGET = 18.0;
				MARKETING_VERSION = 1.0;
				PRODUCT_BUNDLE_IDENTIFIER = com.akshay.link.FakeStore1Tests;
				PRODUCT_NAME = "$(TARGET_NAME)";
				SWIFT_EMIT_LOC_STRINGS = NO;
				SWIFT_VERSION = 5.0;
				TARGETED_DEVICE_FAMILY = "1,2";
				TEST_HOST = "$(BUILT_PRODUCTS_DIR)/FakeStore1.app/$(BUNDLE_EXECUTABLE_FOLDER_PATH)/FakeStore1";
			};
			name = Debug;
		};
		B27B99BE2D2BCD1900EA455A /* Release */ = {
			isa = XCBuildConfiguration;
			buildSettings = {
				BUNDLE_LOADER = "$(TEST_HOST)";
				CODE_SIGN_STYLE = Automatic;
				CURRENT_PROJECT_VERSION = 1;
				DEVELOPMENT_TEAM = A5HC2D4NZ4;
				GENERATE_INFOPLIST_FILE = YES;
				IPHONEOS_DEPLOYMENT_TARGET = 18.0;
				MARKETING_VERSION = 1.0;
				PRODUCT_BUNDLE_IDENTIFIER = com.akshay.link.FakeStore1Tests;
				PRODUCT_NAME = "$(TARGET_NAME)";
				SWIFT_EMIT_LOC_STRINGS = NO;
				SWIFT_VERSION = 5.0;
				TARGETED_DEVICE_FAMILY = "1,2";
				TEST_HOST = "$(BUILT_PRODUCTS_DIR)/FakeStore1.app/$(BUNDLE_EXECUTABLE_FOLDER_PATH)/FakeStore1";
			};
			name = Release;
		};
		B27B99C02D2BCD1900EA455A /* Debug */ = {
			isa = XCBuildConfiguration;
			buildSettings = {
				CODE_SIGN_STYLE = Automatic;
				CURRENT_PROJECT_VERSION = 1;
				DEVELOPMENT_TEAM = A5HC2D4NZ4;
				GENERATE_INFOPLIST_FILE = YES;
				MARKETING_VERSION = 1.0;
				PRODUCT_BUNDLE_IDENTIFIER = com.akshay.link.FakeStore1UITests;
				PRODUCT_NAME = "$(TARGET_NAME)";
				SWIFT_EMIT_LOC_STRINGS = NO;
				SWIFT_VERSION = 5.0;
				TARGETED_DEVICE_FAMILY = "1,2";
				TEST_TARGET_NAME = FakeStore1;
			};
			name = Debug;
		};
		B27B99C12D2BCD1900EA455A /* Release */ = {
			isa = XCBuildConfiguration;
			buildSettings = {
				CODE_SIGN_STYLE = Automatic;
				CURRENT_PROJECT_VERSION = 1;
				DEVELOPMENT_TEAM = A5HC2D4NZ4;
				GENERATE_INFOPLIST_FILE = YES;
				MARKETING_VERSION = 1.0;
				PRODUCT_BUNDLE_IDENTIFIER = com.akshay.link.FakeStore1UITests;
				PRODUCT_NAME = "$(TARGET_NAME)";
				SWIFT_EMIT_LOC_STRINGS = NO;
				SWIFT_VERSION = 5.0;
				TARGETED_DEVICE_FAMILY = "1,2";
				TEST_TARGET_NAME = FakeStore1;
			};
			name = Release;
		};
/* End XCBuildConfiguration section */

/* Begin XCConfigurationList section */
		B27B99902D2BCD1700EA455A /* Build configuration list for PBXProject "FakeStore1" */ = {
			isa = XCConfigurationList;
			buildConfigurations = (
				B27B99B72D2BCD1900EA455A /* Debug */,
				B27B99B82D2BCD1900EA455A /* Release */,
			);
			defaultConfigurationIsVisible = 0;
			defaultConfigurationName = Release;
		};
		B27B99B92D2BCD1900EA455A /* Build configuration list for PBXNativeTarget "FakeStore1" */ = {
			isa = XCConfigurationList;
			buildConfigurations = (
				B27B99BA2D2BCD1900EA455A /* Debug */,
				B27B99BB2D2BCD1900EA455A /* Release */,
			);
			defaultConfigurationIsVisible = 0;
			defaultConfigurationName = Release;
		};
		B27B99BC2D2BCD1900EA455A /* Build configuration list for PBXNativeTarget "FakeStore1Tests" */ = {
			isa = XCConfigurationList;
			buildConfigurations = (
				B27B99BD2D2BCD1900EA455A /* Debug */,
				B27B99BE2D2BCD1900EA455A /* Release */,
			);
			defaultConfigurationIsVisible = 0;
			defaultConfigurationName = Release;
		};
		B27B99BF2D2BCD1900EA455A /* Build configuration list for PBXNativeTarget "FakeStore1UITests" */ = {
			isa = XCConfigurationList;
			buildConfigurations = (
				B27B99C02D2BCD1900EA455A /* Debug */,
				B27B99C12D2BCD1900EA455A /* Release */,
			);
			defaultConfigurationIsVisible = 0;
			defaultConfigurationName = Release;
		};
/* End XCConfigurationList section */
	};
	rootObject = B27B998D2D2BCD1700EA455A /* Project object */;
}
